{
  "requires": true,
  "lockfileVersion": 1,
  "dependencies": {
    "dbus": {
      "version": "1.0.3",
      "resolved": "https://registry.npmjs.org/dbus/-/dbus-1.0.3.tgz",
      "integrity": "sha1-vO2hSGc7wvzKIEK6BqlZZXYmibw=",
      "requires": {
        "nan": "2.11.0"
      }
    },
    "nan": {
      "version": "2.11.0",
      "resolved": "https://registry.npmjs.org/nan/-/nan-2.11.0.tgz",
      "integrity": "sha512-F4miItu2rGnV2ySkXOQoA8FKz/SR2Q2sWP0sbTxNxz/tuokeC8WxOhPMcwi0qIyGtVn/rrSeLbvVkznqCdwYnw=="
    }
  }
}
